
Microsoft Visual Studio Solution File, Format Version 12.00
# Visual Studio Version 17
VisualStudioVersion = 17.0.31903.59
MinimumVisualStudioVersion = 10.0.40219.1
Project("{FAE04EC0-301F-11D3-BF4B-00C04F79EFBC}") = "Elderforge.Network", "src\Elderforge.Network\Elderforge.Network.csproj", "{E92725AE-82AB-4AF2-830D-794FC819197E}"
EndProject
Project("{FAE04EC0-301F-11D3-BF4B-00C04F79EFBC}") = "Elderforge.Tests", "tests\Elderforge.Tests\Elderforge.Tests.csproj", "{8D74D541-AD1B-4402-BE24-7ABCBD0ABCB2}"
EndProject
Project("{FAE04EC0-301F-11D3-BF4B-00C04F79EFBC}") = "Elderforge.Core", "src\Elderforge.Core\Elderforge.Core.csproj", "{110D58E5-271D-4F8C-9BB1-ECA6659E1975}"
EndProject
Project("{FAE04EC0-301F-11D3-BF4B-00C04F79EFBC}") = "Elderforge.Server", "src\Elderforge.Server\Elderforge.Server.csproj", "{FFB07ADE-F69C-4C2F-880D-DF94E2B3E1F2}"
EndProject
Project("{FAE04EC0-301F-11D3-BF4B-00C04F79EFBC}") = "Elderforge.Network.Server", "src\Elderforge.Network.Server\Elderforge.Network.Server.csproj", "{DE0C1B90-7A95-4BE4-BDEC-B76BC93450D6}"
EndProject
Project("{FAE04EC0-301F-11D3-BF4B-00C04F79EFBC}") = "Elderforge.Core.Server", "src\Elderforge.Core.Server\Elderforge.Core.Server.csproj", "{C3097B21-6985-46B1-96D2-A48B178C9005}"
EndProject
Project("{FAE04EC0-301F-11D3-BF4B-00C04F79EFBC}") = "Elderforge.Network.Client", "src\Elderforge.Network.Client\Elderforge.Network.Client.csproj", "{E33F5A7E-E3B3-497D-9430-578BEF5F04AD}"
EndProject
Project("{FAE04EC0-301F-11D3-BF4B-00C04F79EFBC}") = "Elderforge.Shared", "src\Elderforge.Shared\Elderforge.Shared.csproj", "{B5981B76-57F6-4E63-9E48-974366E5E6A9}"
EndProject
Project("{FAE04EC0-301F-11D3-BF4B-00C04F79EFBC}") = "Elderforge.Entities", "src\Elderforge.Entities\Elderforge.Entities.csproj", "{FABE1C61-89F8-4EF6-B871-EA6C177E155A}"
EndProject
Project("{FAE04EC0-301F-11D3-BF4B-00C04F79EFBC}") = "Elderforge.Client.Cmd", "src\Elderforge.Client.Cmd\Elderforge.Client.Cmd.csproj", "{AB23EF10-1CB3-4EF8-9F9C-B65CEBE0EEA7}"
EndProject
Global
	GlobalSection(SolutionConfigurationPlatforms) = preSolution
		Debug|Any CPU = Debug|Any CPU
		Release|Any CPU = Release|Any CPU
	EndGlobalSection
	GlobalSection(SolutionProperties) = preSolution
		HideSolutionNode = FALSE
	EndGlobalSection
	GlobalSection(ProjectConfigurationPlatforms) = postSolution
		{E92725AE-82AB-4AF2-830D-794FC819197E}.Debug|Any CPU.ActiveCfg = Debug|Any CPU
		{E92725AE-82AB-4AF2-830D-794FC819197E}.Debug|Any CPU.Build.0 = Debug|Any CPU
		{E92725AE-82AB-4AF2-830D-794FC819197E}.Release|Any CPU.ActiveCfg = Release|Any CPU
		{E92725AE-82AB-4AF2-830D-794FC819197E}.Release|Any CPU.Build.0 = Release|Any CPU
		{8D74D541-AD1B-4402-BE24-7ABCBD0ABCB2}.Debug|Any CPU.ActiveCfg = Debug|Any CPU
		{8D74D541-AD1B-4402-BE24-7ABCBD0ABCB2}.Debug|Any CPU.Build.0 = Debug|Any CPU
		{8D74D541-AD1B-4402-BE24-7ABCBD0ABCB2}.Release|Any CPU.ActiveCfg = Release|Any CPU
		{8D74D541-AD1B-4402-BE24-7ABCBD0ABCB2}.Release|Any CPU.Build.0 = Release|Any CPU
		{110D58E5-271D-4F8C-9BB1-ECA6659E1975}.Debug|Any CPU.ActiveCfg = Debug|Any CPU
		{110D58E5-271D-4F8C-9BB1-ECA6659E1975}.Debug|Any CPU.Build.0 = Debug|Any CPU
		{110D58E5-271D-4F8C-9BB1-ECA6659E1975}.Release|Any CPU.ActiveCfg = Release|Any CPU
		{110D58E5-271D-4F8C-9BB1-ECA6659E1975}.Release|Any CPU.Build.0 = Release|Any CPU
		{FFB07ADE-F69C-4C2F-880D-DF94E2B3E1F2}.Debug|Any CPU.ActiveCfg = Debug|Any CPU
		{FFB07ADE-F69C-4C2F-880D-DF94E2B3E1F2}.Debug|Any CPU.Build.0 = Debug|Any CPU
		{FFB07ADE-F69C-4C2F-880D-DF94E2B3E1F2}.Release|Any CPU.ActiveCfg = Release|Any CPU
		{FFB07ADE-F69C-4C2F-880D-DF94E2B3E1F2}.Release|Any CPU.Build.0 = Release|Any CPU
		{DE0C1B90-7A95-4BE4-BDEC-B76BC93450D6}.Debug|Any CPU.ActiveCfg = Debug|Any CPU
		{DE0C1B90-7A95-4BE4-BDEC-B76BC93450D6}.Debug|Any CPU.Build.0 = Debug|Any CPU
		{DE0C1B90-7A95-4BE4-BDEC-B76BC93450D6}.Release|Any CPU.ActiveCfg = Release|Any CPU
		{DE0C1B90-7A95-4BE4-BDEC-B76BC93450D6}.Release|Any CPU.Build.0 = Release|Any CPU
		{C3097B21-6985-46B1-96D2-A48B178C9005}.Debug|Any CPU.ActiveCfg = Debug|Any CPU
		{C3097B21-6985-46B1-96D2-A48B178C9005}.Debug|Any CPU.Build.0 = Debug|Any CPU
		{C3097B21-6985-46B1-96D2-A48B178C9005}.Release|Any CPU.ActiveCfg = Release|Any CPU
		{C3097B21-6985-46B1-96D2-A48B178C9005}.Release|Any CPU.Build.0 = Release|Any CPU
		{E33F5A7E-E3B3-497D-9430-578BEF5F04AD}.Debug|Any CPU.ActiveCfg = Debug|Any CPU
		{E33F5A7E-E3B3-497D-9430-578BEF5F04AD}.Debug|Any CPU.Build.0 = Debug|Any CPU
		{E33F5A7E-E3B3-497D-9430-578BEF5F04AD}.Release|Any CPU.ActiveCfg = Release|Any CPU
		{E33F5A7E-E3B3-497D-9430-578BEF5F04AD}.Release|Any CPU.Build.0 = Release|Any CPU
		{B5981B76-57F6-4E63-9E48-974366E5E6A9}.Debug|Any CPU.ActiveCfg = Debug|Any CPU
		{B5981B76-57F6-4E63-9E48-974366E5E6A9}.Debug|Any CPU.Build.0 = Debug|Any CPU
		{B5981B76-57F6-4E63-9E48-974366E5E6A9}.Release|Any CPU.ActiveCfg = Release|Any CPU
		{B5981B76-57F6-4E63-9E48-974366E5E6A9}.Release|Any CPU.Build.0 = Release|Any CPU
		{FABE1C61-89F8-4EF6-B871-EA6C177E155A}.Debug|Any CPU.ActiveCfg = Debug|Any CPU
		{FABE1C61-89F8-4EF6-B871-EA6C177E155A}.Debug|Any CPU.Build.0 = Debug|Any CPU
		{FABE1C61-89F8-4EF6-B871-EA6C177E155A}.Release|Any CPU.ActiveCfg = Release|Any CPU
		{FABE1C61-89F8-4EF6-B871-EA6C177E155A}.Release|Any CPU.Build.0 = Release|Any CPU
		{AB23EF10-1CB3-4EF8-9F9C-B65CEBE0EEA7}.Debug|Any CPU.ActiveCfg = Debug|Any CPU
		{AB23EF10-1CB3-4EF8-9F9C-B65CEBE0EEA7}.Debug|Any CPU.Build.0 = Debug|Any CPU
		{AB23EF10-1CB3-4EF8-9F9C-B65CEBE0EEA7}.Release|Any CPU.ActiveCfg = Release|Any CPU
		{AB23EF10-1CB3-4EF8-9F9C-B65CEBE0EEA7}.Release|Any CPU.Build.0 = Release|Any CPU
	EndGlobalSection
EndGlobal
